
Microsoft Visual Studio Solution File, Format Version 12.00
# Visual Studio Version 17
VisualStudioVersion = 17.4.33213.308
MinimumVisualStudioVersion = 10.0.40219.1
Project("{FAE04EC0-301F-11D3-BF4B-00C04F79EFBC}") = "StudentDatabase", "StudentDatabase\StudentDatabase.csproj", "{FF7A2D9F-77D6-4C1A-808B-B6526F727A93}"
EndProject
Global
	GlobalSection(SolutionConfigurationPlatforms) = preSolution
		Debug|Any CPU = Debug|Any CPU
		Release|Any CPU = Release|Any CPU
	EndGlobalSection
	GlobalSection(ProjectConfigurationPlatforms) = postSolution
		{FF7A2D9F-77D6-4C1A-808B-B6526F727A93}.Debug|Any CPU.ActiveCfg = Debug|Any CPU
		{FF7A2D9F-77D6-4C1A-808B-B6526F727A93}.Debug|Any CPU.Build.0 = Debug|Any CPU
		{FF7A2D9F-77D6-4C1A-808B-B6526F727A93}.Release|Any CPU.ActiveCfg = Release|Any CPU
		{FF7A2D9F-77D6-4C1A-808B-B6526F727A93}.Release|Any CPU.Build.0 = Release|Any CPU
	EndGlobalSection
	GlobalSection(SolutionProperties) = preSolution
		HideSolutionNode = FALSE
	EndGlobalSection
	GlobalSection(ExtensibilityGlobals) = postSolution
		SolutionGuid = {51E65537-E835-4F9C-9550-BD7FE2533270}
	EndGlobalSection
EndGlobal
