
Microsoft Visual Studio Solution File, Format Version 12.00
# Visual Studio Version 16
VisualStudioVersion = 16.0.33328.57
MinimumVisualStudioVersion = 10.0.40219.1
Project("{FAE04EC0-301F-11D3-BF4B-00C04F79EFBC}") = "ClassSubmissionAssignment", "ClassSubmissionAssignment\ClassSubmissionAssignment.csproj", "{C251B235-7C7D-49F2-92A1-623CDE01BED9}"
EndProject
Global
	GlobalSection(SolutionConfigurationPlatforms) = preSolution
		Debug|Any CPU = Debug|Any CPU
		Release|Any CPU = Release|Any CPU
	EndGlobalSection
	GlobalSection(ProjectConfigurationPlatforms) = postSolution
		{C251B235-7C7D-49F2-92A1-623CDE01BED9}.Debug|Any CPU.ActiveCfg = Debug|Any CPU
		{C251B235-7C7D-49F2-92A1-623CDE01BED9}.Debug|Any CPU.Build.0 = Debug|Any CPU
		{C251B235-7C7D-49F2-92A1-623CDE01BED9}.Release|Any CPU.ActiveCfg = Release|Any CPU
		{C251B235-7C7D-49F2-92A1-623CDE01BED9}.Release|Any CPU.Build.0 = Release|Any CPU
	EndGlobalSection
	GlobalSection(SolutionProperties) = preSolution
		HideSolutionNode = FALSE
	EndGlobalSection
	GlobalSection(ExtensibilityGlobals) = postSolution
		SolutionGuid = {9510B25F-B59B-4C83-A997-116C76D7BF32}
	EndGlobalSection
EndGlobal
