
Microsoft Visual Studio Solution File, Format Version 12.00
# Visual Studio Version 16
VisualStudioVersion = 16.0.33328.57
MinimumVisualStudioVersion = 10.0.40219.1
Project("{FAE04EC0-301F-11D3-BF4B-00C04F79EFBC}") = "ArraySubmission", "ArraySubmission\ArraySubmission.csproj", "{472CC4A8-C5BB-4EF5-84B4-C6ED7F66BC54}"
EndProject
Global
	GlobalSection(SolutionConfigurationPlatforms) = preSolution
		Debug|Any CPU = Debug|Any CPU
		Release|Any CPU = Release|Any CPU
	EndGlobalSection
	GlobalSection(ProjectConfigurationPlatforms) = postSolution
		{472CC4A8-C5BB-4EF5-84B4-C6ED7F66BC54}.Debug|Any CPU.ActiveCfg = Debug|Any CPU
		{472CC4A8-C5BB-4EF5-84B4-C6ED7F66BC54}.Debug|Any CPU.Build.0 = Debug|Any CPU
		{472CC4A8-C5BB-4EF5-84B4-C6ED7F66BC54}.Release|Any CPU.ActiveCfg = Release|Any CPU
		{472CC4A8-C5BB-4EF5-84B4-C6ED7F66BC54}.Release|Any CPU.Build.0 = Release|Any CPU
	EndGlobalSection
	GlobalSection(SolutionProperties) = preSolution
		HideSolutionNode = FALSE
	EndGlobalSection
	GlobalSection(ExtensibilityGlobals) = postSolution
		SolutionGuid = {4041CC6B-3A4D-463F-B37B-CBD7904E711E}
	EndGlobalSection
EndGlobal
