
Microsoft Visual Studio Solution File, Format Version 12.00
# Visual Studio Version 16
VisualStudioVersion = 16.0.33328.57
MinimumVisualStudioVersion = 10.0.40219.1
Project("{FAE04EC0-301F-11D3-BF4B-00C04F79EFBC}") = "Operators", "Operators\Operators.csproj", "{DD16BE0B-4A57-45C8-A544-5B84230E0CED}"
EndProject
Global
	GlobalSection(SolutionConfigurationPlatforms) = preSolution
		Debug|Any CPU = Debug|Any CPU
		Release|Any CPU = Release|Any CPU
	EndGlobalSection
	GlobalSection(ProjectConfigurationPlatforms) = postSolution
		{DD16BE0B-4A57-45C8-A544-5B84230E0CED}.Debug|Any CPU.ActiveCfg = Debug|Any CPU
		{DD16BE0B-4A57-45C8-A544-5B84230E0CED}.Debug|Any CPU.Build.0 = Debug|Any CPU
		{DD16BE0B-4A57-45C8-A544-5B84230E0CED}.Release|Any CPU.ActiveCfg = Release|Any CPU
		{DD16BE0B-4A57-45C8-A544-5B84230E0CED}.Release|Any CPU.Build.0 = Release|Any CPU
	EndGlobalSection
	GlobalSection(SolutionProperties) = preSolution
		HideSolutionNode = FALSE
	EndGlobalSection
	GlobalSection(ExtensibilityGlobals) = postSolution
		SolutionGuid = {E5623DDF-3C23-4DF9-9E05-A675214940B9}
	EndGlobalSection
EndGlobal
